
Microsoft Visual Studio Solution File, Format Version 12.00
# Visual Studio Version 17
VisualStudioVersion = 17.6.33829.357
MinimumVisualStudioVersion = 15.0.26124.0
Project("{FAE04EC0-301F-11D3-BF4B-00C04F79EFBC}") = "PoliceMP.Client", "PoliceMP.Client\PoliceMP.Client.csproj", "{045162A0-15BE-41A0-955B-288F6F79F966}"
EndProject
Project("{FAE04EC0-301F-11D3-BF4B-00C04F79EFBC}") = "PoliceMP.Shared", "PoliceMP.Shared\PoliceMP.Shared.csproj", "{2AD2CE67-6EA8-499E-8FE4-DB00ABED63D4}"
EndProject
Project("{9A19103F-16F7-4668-BE54-9A1E7A4F7556}") = "PoliceMP.Server", "PoliceMP.Server\PoliceMP.Server.csproj", "{AFA0FD6A-FFBA-48C8-A2D8-6D4B49C09249}"
EndProject
Project("{FAE04EC0-301F-11D3-BF4B-00C04F79EFBC}") = "PoliceMP.Core.Client", "PoliceMP.Core.Client\PoliceMP.Core.Client.csproj", "{DF9BEA3E-1ECE-4838-A0E3-080B26900E46}"
EndProject
Project("{FAE04EC0-301F-11D3-BF4B-00C04F79EFBC}") = "PoliceMP.Core.Shared", "PoliceMP.Core.Shared\PoliceMP.Core.Shared.csproj", "{7DDCE823-2DB9-4297-B0E8-B5AC6B5C836E}"
EndProject
Project("{FAE04EC0-301F-11D3-BF4B-00C04F79EFBC}") = "PoliceMP.Data", "PoliceMP.Data\PoliceMP.Data.csproj", "{86F0554F-CC15-47B0-B074-BC864261F458}"
EndProject
Project("{FAE04EC0-301F-11D3-BF4B-00C04F79EFBC}") = "PoliceMP.Data.ConsoleApp", "PoliceMP.Data.ConsoleApp\PoliceMP.Data.ConsoleApp.csproj", "{7F924D9A-446D-4802-A63C-6524B7D53EFC}"
EndProject
Project("{9A19103F-16F7-4668-BE54-9A1E7A4F7556}") = "PoliceMP.Core.Server", "PoliceMP.Core.Server\PoliceMP.Core.Server.csproj", "{8377FDD5-1362-413F-B4DF-14C656C8A970}"
EndProject
Project("{2150E333-8FDC-42A3-9474-1A3956D46DE8}") = "Core", "Core", "{897FC188-FB8E-40C9-A9CD-EE5E198188A2}"
EndProject
Project("{2150E333-8FDC-42A3-9474-1A3956D46DE8}") = "Data", "Data", "{260DBFE6-59C7-45F0-BF01-91FF110E8341}"
EndProject
Project("{2150E333-8FDC-42A3-9474-1A3956D46DE8}") = "Legacy", "Legacy", "{4E340DBC-2DBF-45F3-92B2-CD3EA777EEB4}"
EndProject
Project("{FAE04EC0-301F-11D3-BF4B-00C04F79EFBC}") = "PoliceMP.Summon.Client", "Legacy\Addons\PoliceMP.Summon.Client\PoliceMP.Summon.Client.csproj", "{E9A48433-DBDE-4385-A8F6-02E61019F1B7}"
EndProject
Project("{FAE04EC0-301F-11D3-BF4B-00C04F79EFBC}") = "PoliceMP.Callouts.Client", "Legacy\Callouts\PoliceMP.Callouts.Client\PoliceMP.Callouts.Client.csproj", "{9BAFBE30-1FF5-4B84-ADD0-5B6A459515C3}"
EndProject
Project("{FAE04EC0-301F-11D3-BF4B-00C04F79EFBC}") = "PoliceMP.Callouts.Server", "Legacy\Callouts\PoliceMP.Callouts.Server\PoliceMP.Callouts.Server.csproj", "{53729028-C1C8-4C32-9DAE-A5DA5139A340}"
EndProject
Project("{FAE04EC0-301F-11D3-BF4B-00C04F79EFBC}") = "PoliceMP.Callouts.Shared", "Legacy\Callouts\PoliceMP.Callouts.Shared\PoliceMP.Callouts.Shared.csproj", "{346890A8-8DE6-43ED-B039-5519182A2CDE}"
EndProject
Project("{FAE04EC0-301F-11D3-BF4B-00C04F79EFBC}") = "PoliceMP.Computer.Client", "Legacy\Computer\PoliceMP.Computer.Client\PoliceMP.Computer.Client.csproj", "{A42659E7-AE59-4EDC-892E-11E2FAD262A5}"
EndProject
Project("{FAE04EC0-301F-11D3-BF4B-00C04F79EFBC}") = "PoliceMP.Computer.Server", "Legacy\Computer\PoliceMP.Computer.Server\PoliceMP.Computer.Server.csproj", "{99F4C63D-8BB2-415E-A0BD-1FAF5B7F0236}"
EndProject
Project("{FAE04EC0-301F-11D3-BF4B-00C04F79EFBC}") = "PoliceMP.Computer.Shared", "Legacy\Computer\PoliceMP.Computer.Shared\PoliceMP.Computer.Shared.csproj", "{D33CE7FB-30E0-405D-98AC-941E71B409EC}"
EndProject
Project("{FAE04EC0-301F-11D3-BF4B-00C04F79EFBC}") = "PoliceMP.Housing.Client", "Legacy\Housing\PoliceMP.Housing.Client\PoliceMP.Housing.Client.csproj", "{92B7DC99-A927-4E22-AB55-EB2717268DB7}"
EndProject
Project("{FAE04EC0-301F-11D3-BF4B-00C04F79EFBC}") = "PoliceMP.Housing.Server", "Legacy\Housing\PoliceMP.Housing.Server\PoliceMP.Housing.Server.csproj", "{6AB8B724-A21C-400D-9244-FAE1013F1C94}"
EndProject
Project("{FAE04EC0-301F-11D3-BF4B-00C04F79EFBC}") = "PoliceMP.Housing.Shared", "Legacy\Housing\PoliceMP.Housing.Shared\PoliceMP.Housing.Shared.csproj", "{41726B0A-D34E-4052-9425-C4FFB0613481}"
EndProject
Project("{2150E333-8FDC-42A3-9474-1A3956D46DE8}") = "Addons", "Addons", "{D981FB0D-3403-4860-AA6D-44190E591224}"
EndProject
Project("{2150E333-8FDC-42A3-9474-1A3956D46DE8}") = "Callouts", "Callouts", "{9F8A6378-9CD8-4736-9A68-BA7539E6DD1D}"
EndProject
Project("{2150E333-8FDC-42A3-9474-1A3956D46DE8}") = "Housing", "Housing", "{E79D8BD7-AC9E-46D5-B830-0ACC90992A80}"
EndProject
Project("{2150E333-8FDC-42A3-9474-1A3956D46DE8}") = "Computer", "Computer", "{50413CF2-3AAC-449E-827B-B47B97A6C6E7}"
EndProject
Project("{2150E333-8FDC-42A3-9474-1A3956D46DE8}") = "Main", "Main", "{30EA411F-B220-4387-9143-C091DF0304E5}"
EndProject
Project("{FAE04EC0-301F-11D3-BF4B-00C04F79EFBC}") = "PoliceMP.Main.Client", "Legacy\Main\PoliceMP.Main.Client\PoliceMP.Main.Client.csproj", "{B70E5C69-B4A9-42CA-B05D-80A0821DB641}"
EndProject
Project("{FAE04EC0-301F-11D3-BF4B-00C04F79EFBC}") = "PoliceMP.Main.Core.Client", "Legacy\Main\PoliceMP.Main.Core.Client\PoliceMP.Main.Core.Client.csproj", "{55C53D4C-FE8E-4CCA-9B8C-771B1C160742}"
EndProject
Project("{FAE04EC0-301F-11D3-BF4B-00C04F79EFBC}") = "PoliceMP.Main.Core.Server", "Legacy\Main\PoliceMP.Main.Core.Server\PoliceMP.Main.Core.Server.csproj", "{E164CB06-A940-46C9-9AFA-4227D3E0E96E}"
EndProject
Project("{FAE04EC0-301F-11D3-BF4B-00C04F79EFBC}") = "PoliceMP.Main.Core.Shared", "Legacy\Main\PoliceMP.Main.Core.Shared\PoliceMP.Main.Core.Shared.csproj", "{96F74FD6-FAC9-4F82-9863-CA095DC72BA5}"
EndProject
Project("{9A19103F-16F7-4668-BE54-9A1E7A4F7556}") = "PoliceMP.Main.Server", "Legacy\Main\PoliceMP.Main.Server\PoliceMP.Main.Server.csproj", "{7863AF21-3862-4AFF-AF63-683C48E6D704}"
EndProject
Project("{FAE04EC0-301F-11D3-BF4B-00C04F79EFBC}") = "PoliceMP.Main.Shared", "Legacy\Main\PoliceMP.Main.Shared\PoliceMP.Main.Shared.csproj", "{9926364B-26EB-4385-999C-E22C19F644B5}"
EndProject
Project("{2150E333-8FDC-42A3-9474-1A3956D46DE8}") = "Tests", "Tests", "{031F3B9C-F021-4BE2-AAB2-9CE3D7507F37}"
EndProject
Project("{FAE04EC0-301F-11D3-BF4B-00C04F79EFBC}") = "PoliceMP.Tests.Client", "PoliceMP.Tests.Client\PoliceMP.Tests.Client.csproj", "{E4722DBD-1566-446C-88E0-8976D7133294}"
EndProject
Project("{9A19103F-16F7-4668-BE54-9A1E7A4F7556}") = "PoliceMP.Tests.Server", "PoliceMP.Tests.Server\PoliceMP.Tests.Server.csproj", "{9F11E4F0-6ABD-4D4C-AA0A-0F3F21565B08}"
EndProject
Project("{FAE04EC0-301F-11D3-BF4B-00C04F79EFBC}") = "PoliceMP.Core.Mediator", "PoliceMP.Core.Mediator\PoliceMP.Core.Mediator.csproj", "{208C38C7-5B32-4B19-9B96-81C928AB6BE3}"
EndProject
Global
	GlobalSection(SolutionConfigurationPlatforms) = preSolution
		Debug|Any CPU = Debug|Any CPU
		Debug|x64 = Debug|x64
		Debug|x86 = Debug|x86
		Release|Any CPU = Release|Any CPU
		Release|x64 = Release|x64
		Release|x86 = Release|x86
	EndGlobalSection
	GlobalSection(ProjectConfigurationPlatforms) = postSolution
		{045162A0-15BE-41A0-955B-288F6F79F966}.Debug|Any CPU.ActiveCfg = Debug|Any CPU
		{045162A0-15BE-41A0-955B-288F6F79F966}.Debug|Any CPU.Build.0 = Debug|Any CPU
		{045162A0-15BE-41A0-955B-288F6F79F966}.Debug|x64.ActiveCfg = Debug|Any CPU
		{045162A0-15BE-41A0-955B-288F6F79F966}.Debug|x64.Build.0 = Debug|Any CPU
		{045162A0-15BE-41A0-955B-288F6F79F966}.Debug|x86.ActiveCfg = Debug|Any CPU
		{045162A0-15BE-41A0-955B-288F6F79F966}.Debug|x86.Build.0 = Debug|Any CPU
		{045162A0-15BE-41A0-955B-288F6F79F966}.Release|Any CPU.ActiveCfg = Release|Any CPU
		{045162A0-15BE-41A0-955B-288F6F79F966}.Release|Any CPU.Build.0 = Release|Any CPU
		{045162A0-15BE-41A0-955B-288F6F79F966}.Release|x64.ActiveCfg = Release|Any CPU
		{045162A0-15BE-41A0-955B-288F6F79F966}.Release|x64.Build.0 = Release|Any CPU
		{045162A0-15BE-41A0-955B-288F6F79F966}.Release|x86.ActiveCfg = Release|Any CPU
		{045162A0-15BE-41A0-955B-288F6F79F966}.Release|x86.Build.0 = Release|Any CPU
		{2AD2CE67-6EA8-499E-8FE4-DB00ABED63D4}.Debug|Any CPU.ActiveCfg = Debug|Any CPU
		{2AD2CE67-6EA8-499E-8FE4-DB00ABED63D4}.Debug|Any CPU.Build.0 = Debug|Any CPU
		{2AD2CE67-6EA8-499E-8FE4-DB00ABED63D4}.Debug|x64.ActiveCfg = Debug|Any CPU
		{2AD2CE67-6EA8-499E-8FE4-DB00ABED63D4}.Debug|x64.Build.0 = Debug|Any CPU
		{2AD2CE67-6EA8-499E-8FE4-DB00ABED63D4}.Debug|x86.ActiveCfg = Debug|Any CPU
		{2AD2CE67-6EA8-499E-8FE4-DB00ABED63D4}.Debug|x86.Build.0 = Debug|Any CPU
		{2AD2CE67-6EA8-499E-8FE4-DB00ABED63D4}.Release|Any CPU.ActiveCfg = Release|Any CPU
		{2AD2CE67-6EA8-499E-8FE4-DB00ABED63D4}.Release|Any CPU.Build.0 = Release|Any CPU
		{2AD2CE67-6EA8-499E-8FE4-DB00ABED63D4}.Release|x64.ActiveCfg = Release|Any CPU
		{2AD2CE67-6EA8-499E-8FE4-DB00ABED63D4}.Release|x64.Build.0 = Release|Any CPU
		{2AD2CE67-6EA8-499E-8FE4-DB00ABED63D4}.Release|x86.ActiveCfg = Release|Any CPU
		{2AD2CE67-6EA8-499E-8FE4-DB00ABED63D4}.Release|x86.Build.0 = Release|Any CPU
		{AFA0FD6A-FFBA-48C8-A2D8-6D4B49C09249}.Debug|Any CPU.ActiveCfg = Debug|Any CPU
		{AFA0FD6A-FFBA-48C8-A2D8-6D4B49C09249}.Debug|Any CPU.Build.0 = Debug|Any CPU
		{AFA0FD6A-FFBA-48C8-A2D8-6D4B49C09249}.Debug|x64.ActiveCfg = Debug|Any CPU
		{AFA0FD6A-FFBA-48C8-A2D8-6D4B49C09249}.Debug|x64.Build.0 = Debug|Any CPU
		{AFA0FD6A-FFBA-48C8-A2D8-6D4B49C09249}.Debug|x86.ActiveCfg = Debug|Any CPU
		{AFA0FD6A-FFBA-48C8-A2D8-6D4B49C09249}.Debug|x86.Build.0 = Debug|Any CPU
		{AFA0FD6A-FFBA-48C8-A2D8-6D4B49C09249}.Release|Any CPU.ActiveCfg = Release|Any CPU
		{AFA0FD6A-FFBA-48C8-A2D8-6D4B49C09249}.Release|Any CPU.Build.0 = Release|Any CPU
		{AFA0FD6A-FFBA-48C8-A2D8-6D4B49C09249}.Release|x64.ActiveCfg = Release|Any CPU
		{AFA0FD6A-FFBA-48C8-A2D8-6D4B49C09249}.Release|x64.Build.0 = Release|Any CPU
		{AFA0FD6A-FFBA-48C8-A2D8-6D4B49C09249}.Release|x86.ActiveCfg = Release|Any CPU
		{AFA0FD6A-FFBA-48C8-A2D8-6D4B49C09249}.Release|x86.Build.0 = Release|Any CPU
		{DF9BEA3E-1ECE-4838-A0E3-080B26900E46}.Debug|Any CPU.ActiveCfg = Debug|Any CPU
		{DF9BEA3E-1ECE-4838-A0E3-080B26900E46}.Debug|Any CPU.Build.0 = Debug|Any CPU
		{DF9BEA3E-1ECE-4838-A0E3-080B26900E46}.Debug|x64.ActiveCfg = Debug|Any CPU
		{DF9BEA3E-1ECE-4838-A0E3-080B26900E46}.Debug|x64.Build.0 = Debug|Any CPU
		{DF9BEA3E-1ECE-4838-A0E3-080B26900E46}.Debug|x86.ActiveCfg = Debug|Any CPU
		{DF9BEA3E-1ECE-4838-A0E3-080B26900E46}.Debug|x86.Build.0 = Debug|Any CPU
		{DF9BEA3E-1ECE-4838-A0E3-080B26900E46}.Release|Any CPU.ActiveCfg = Release|Any CPU
		{DF9BEA3E-1ECE-4838-A0E3-080B26900E46}.Release|Any CPU.Build.0 = Release|Any CPU
		{DF9BEA3E-1ECE-4838-A0E3-080B26900E46}.Release|x64.ActiveCfg = Release|Any CPU
		{DF9BEA3E-1ECE-4838-A0E3-080B26900E46}.Release|x64.Build.0 = Release|Any CPU
		{DF9BEA3E-1ECE-4838-A0E3-080B26900E46}.Release|x86.ActiveCfg = Release|Any CPU
		{DF9BEA3E-1ECE-4838-A0E3-080B26900E46}.Release|x86.Build.0 = Release|Any CPU
		{7DDCE823-2DB9-4297-B0E8-B5AC6B5C836E}.Debug|Any CPU.ActiveCfg = Debug|Any CPU
		{7DDCE823-2DB9-4297-B0E8-B5AC6B5C836E}.Debug|Any CPU.Build.0 = Debug|Any CPU
		{7DDCE823-2DB9-4297-B0E8-B5AC6B5C836E}.Debug|x64.ActiveCfg = Debug|Any CPU
		{7DDCE823-2DB9-4297-B0E8-B5AC6B5C836E}.Debug|x64.Build.0 = Debug|Any CPU
		{7DDCE823-2DB9-4297-B0E8-B5AC6B5C836E}.Debug|x86.ActiveCfg = Debug|Any CPU
		{7DDCE823-2DB9-4297-B0E8-B5AC6B5C836E}.Debug|x86.Build.0 = Debug|Any CPU
		{7DDCE823-2DB9-4297-B0E8-B5AC6B5C836E}.Release|Any CPU.ActiveCfg = Release|Any CPU
		{7DDCE823-2DB9-4297-B0E8-B5AC6B5C836E}.Release|Any CPU.Build.0 = Release|Any CPU
		{7DDCE823-2DB9-4297-B0E8-B5AC6B5C836E}.Release|x64.ActiveCfg = Release|Any CPU
		{7DDCE823-2DB9-4297-B0E8-B5AC6B5C836E}.Release|x64.Build.0 = Release|Any CPU
		{7DDCE823-2DB9-4297-B0E8-B5AC6B5C836E}.Release|x86.ActiveCfg = Release|Any CPU
		{7DDCE823-2DB9-4297-B0E8-B5AC6B5C836E}.Release|x86.Build.0 = Release|Any CPU
		{86F0554F-CC15-47B0-B074-BC864261F458}.Debug|Any CPU.ActiveCfg = Debug|Any CPU
		{86F0554F-CC15-47B0-B074-BC864261F458}.Debug|Any CPU.Build.0 = Debug|Any CPU
		{86F0554F-CC15-47B0-B074-BC864261F458}.Debug|x64.ActiveCfg = Debug|Any CPU
		{86F0554F-CC15-47B0-B074-BC864261F458}.Debug|x64.Build.0 = Debug|Any CPU
		{86F0554F-CC15-47B0-B074-BC864261F458}.Debug|x86.ActiveCfg = Debug|Any CPU
		{86F0554F-CC15-47B0-B074-BC864261F458}.Debug|x86.Build.0 = Debug|Any CPU
		{86F0554F-CC15-47B0-B074-BC864261F458}.Release|Any CPU.ActiveCfg = Release|Any CPU
		{86F0554F-CC15-47B0-B074-BC864261F458}.Release|Any CPU.Build.0 = Release|Any CPU
		{86F0554F-CC15-47B0-B074-BC864261F458}.Release|x64.ActiveCfg = Release|Any CPU
		{86F0554F-CC15-47B0-B074-BC864261F458}.Release|x64.Build.0 = Release|Any CPU
		{86F0554F-CC15-47B0-B074-BC864261F458}.Release|x86.ActiveCfg = Release|Any CPU
		{86F0554F-CC15-47B0-B074-BC864261F458}.Release|x86.Build.0 = Release|Any CPU
		{7F924D9A-446D-4802-A63C-6524B7D53EFC}.Debug|Any CPU.ActiveCfg = Debug|Any CPU
		{7F924D9A-446D-4802-A63C-6524B7D53EFC}.Debug|Any CPU.Build.0 = Debug|Any CPU
		{7F924D9A-446D-4802-A63C-6524B7D53EFC}.Debug|x64.ActiveCfg = Debug|Any CPU
		{7F924D9A-446D-4802-A63C-6524B7D53EFC}.Debug|x64.Build.0 = Debug|Any CPU
		{7F924D9A-446D-4802-A63C-6524B7D53EFC}.Debug|x86.ActiveCfg = Debug|Any CPU
		{7F924D9A-446D-4802-A63C-6524B7D53EFC}.Debug|x86.Build.0 = Debug|Any CPU
		{7F924D9A-446D-4802-A63C-6524B7D53EFC}.Release|Any CPU.ActiveCfg = Release|Any CPU
		{7F924D9A-446D-4802-A63C-6524B7D53EFC}.Release|Any CPU.Build.0 = Release|Any CPU
		{7F924D9A-446D-4802-A63C-6524B7D53EFC}.Release|x64.ActiveCfg = Release|Any CPU
		{7F924D9A-446D-4802-A63C-6524B7D53EFC}.Release|x64.Build.0 = Release|Any CPU
		{7F924D9A-446D-4802-A63C-6524B7D53EFC}.Release|x86.ActiveCfg = Release|Any CPU
		{7F924D9A-446D-4802-A63C-6524B7D53EFC}.Release|x86.Build.0 = Release|Any CPU
		{8377FDD5-1362-413F-B4DF-14C656C8A970}.Debug|Any CPU.ActiveCfg = Debug|Any CPU
		{8377FDD5-1362-413F-B4DF-14C656C8A970}.Debug|Any CPU.Build.0 = Debug|Any CPU
		{8377FDD5-1362-413F-B4DF-14C656C8A970}.Debug|x64.ActiveCfg = Debug|Any CPU
		{8377FDD5-1362-413F-B4DF-14C656C8A970}.Debug|x64.Build.0 = Debug|Any CPU
		{8377FDD5-1362-413F-B4DF-14C656C8A970}.Debug|x86.ActiveCfg = Debug|Any CPU
		{8377FDD5-1362-413F-B4DF-14C656C8A970}.Debug|x86.Build.0 = Debug|Any CPU
		{8377FDD5-1362-413F-B4DF-14C656C8A970}.Release|Any CPU.ActiveCfg = Release|Any CPU
		{8377FDD5-1362-413F-B4DF-14C656C8A970}.Release|Any CPU.Build.0 = Release|Any CPU
		{8377FDD5-1362-413F-B4DF-14C656C8A970}.Release|x64.ActiveCfg = Release|Any CPU
		{8377FDD5-1362-413F-B4DF-14C656C8A970}.Release|x64.Build.0 = Release|Any CPU
		{8377FDD5-1362-413F-B4DF-14C656C8A970}.Release|x86.ActiveCfg = Release|Any CPU
		{8377FDD5-1362-413F-B4DF-14C656C8A970}.Release|x86.Build.0 = Release|Any CPU
		{E9A48433-DBDE-4385-A8F6-02E61019F1B7}.Debug|Any CPU.ActiveCfg = Debug|Any CPU
		{E9A48433-DBDE-4385-A8F6-02E61019F1B7}.Debug|Any CPU.Build.0 = Debug|Any CPU
		{E9A48433-DBDE-4385-A8F6-02E61019F1B7}.Debug|x64.ActiveCfg = Debug|Any CPU
		{E9A48433-DBDE-4385-A8F6-02E61019F1B7}.Debug|x64.Build.0 = Debug|Any CPU
		{E9A48433-DBDE-4385-A8F6-02E61019F1B7}.Debug|x86.ActiveCfg = Debug|Any CPU
		{E9A48433-DBDE-4385-A8F6-02E61019F1B7}.Debug|x86.Build.0 = Debug|Any CPU
		{E9A48433-DBDE-4385-A8F6-02E61019F1B7}.Release|Any CPU.ActiveCfg = Release|Any CPU
		{E9A48433-DBDE-4385-A8F6-02E61019F1B7}.Release|Any CPU.Build.0 = Release|Any CPU
		{E9A48433-DBDE-4385-A8F6-02E61019F1B7}.Release|x64.ActiveCfg = Release|Any CPU
		{E9A48433-DBDE-4385-A8F6-02E61019F1B7}.Release|x64.Build.0 = Release|Any CPU
		{E9A48433-DBDE-4385-A8F6-02E61019F1B7}.Release|x86.ActiveCfg = Release|Any CPU
		{E9A48433-DBDE-4385-A8F6-02E61019F1B7}.Release|x86.Build.0 = Release|Any CPU
		{9BAFBE30-1FF5-4B84-ADD0-5B6A459515C3}.Debug|Any CPU.ActiveCfg = Debug|Any CPU
		{9BAFBE30-1FF5-4B84-ADD0-5B6A459515C3}.Debug|Any CPU.Build.0 = Debug|Any CPU
		{9BAFBE30-1FF5-4B84-ADD0-5B6A459515C3}.Debug|x64.ActiveCfg = Debug|Any CPU
		{9BAFBE30-1FF5-4B84-ADD0-5B6A459515C3}.Debug|x64.Build.0 = Debug|Any CPU
		{9BAFBE30-1FF5-4B84-ADD0-5B6A459515C3}.Debug|x86.ActiveCfg = Debug|Any CPU
		{9BAFBE30-1FF5-4B84-ADD0-5B6A459515C3}.Debug|x86.Build.0 = Debug|Any CPU
		{9BAFBE30-1FF5-4B84-ADD0-5B6A459515C3}.Release|Any CPU.ActiveCfg = Release|Any CPU
		{9BAFBE30-1FF5-4B84-ADD0-5B6A459515C3}.Release|Any CPU.Build.0 = Release|Any CPU
		{9BAFBE30-1FF5-4B84-ADD0-5B6A459515C3}.Release|x64.ActiveCfg = Release|Any CPU
		{9BAFBE30-1FF5-4B84-ADD0-5B6A459515C3}.Release|x64.Build.0 = Release|Any CPU
		{9BAFBE30-1FF5-4B84-ADD0-5B6A459515C3}.Release|x86.ActiveCfg = Release|Any CPU
		{9BAFBE30-1FF5-4B84-ADD0-5B6A459515C3}.Release|x86.Build.0 = Release|Any CPU
		{53729028-C1C8-4C32-9DAE-A5DA5139A340}.Debug|Any CPU.ActiveCfg = Debug|Any CPU
		{53729028-C1C8-4C32-9DAE-A5DA5139A340}.Debug|Any CPU.Build.0 = Debug|Any CPU
		{53729028-C1C8-4C32-9DAE-A5DA5139A340}.Debug|x64.ActiveCfg = Debug|Any CPU
		{53729028-C1C8-4C32-9DAE-A5DA5139A340}.Debug|x64.Build.0 = Debug|Any CPU
		{53729028-C1C8-4C32-9DAE-A5DA5139A340}.Debug|x86.ActiveCfg = Debug|Any CPU
		{53729028-C1C8-4C32-9DAE-A5DA5139A340}.Debug|x86.Build.0 = Debug|Any CPU
		{53729028-C1C8-4C32-9DAE-A5DA5139A340}.Release|Any CPU.ActiveCfg = Release|Any CPU
		{53729028-C1C8-4C32-9DAE-A5DA5139A340}.Release|Any CPU.Build.0 = Release|Any CPU
		{53729028-C1C8-4C32-9DAE-A5DA5139A340}.Release|x64.ActiveCfg = Release|Any CPU
		{53729028-C1C8-4C32-9DAE-A5DA5139A340}.Release|x64.Build.0 = Release|Any CPU
		{53729028-C1C8-4C32-9DAE-A5DA5139A340}.Release|x86.ActiveCfg = Release|Any CPU
		{53729028-C1C8-4C32-9DAE-A5DA5139A340}.Release|x86.Build.0 = Release|Any CPU
		{346890A8-8DE6-43ED-B039-5519182A2CDE}.Debug|Any CPU.ActiveCfg = Debug|Any CPU
		{346890A8-8DE6-43ED-B039-5519182A2CDE}.Debug|Any CPU.Build.0 = Debug|Any CPU
		{346890A8-8DE6-43ED-B039-5519182A2CDE}.Debug|x64.ActiveCfg = Debug|Any CPU
		{346890A8-8DE6-43ED-B039-5519182A2CDE}.Debug|x64.Build.0 = Debug|Any CPU
		{346890A8-8DE6-43ED-B039-5519182A2CDE}.Debug|x86.ActiveCfg = Debug|Any CPU
		{346890A8-8DE6-43ED-B039-5519182A2CDE}.Debug|x86.Build.0 = Debug|Any CPU
		{346890A8-8DE6-43ED-B039-5519182A2CDE}.Release|Any CPU.ActiveCfg = Release|Any CPU
		{346890A8-8DE6-43ED-B039-5519182A2CDE}.Release|Any CPU.Build.0 = Release|Any CPU
		{346890A8-8DE6-43ED-B039-5519182A2CDE}.Release|x64.ActiveCfg = Release|Any CPU
		{346890A8-8DE6-43ED-B039-5519182A2CDE}.Release|x64.Build.0 = Release|Any CPU
		{346890A8-8DE6-43ED-B039-5519182A2CDE}.Release|x86.ActiveCfg = Release|Any CPU
		{346890A8-8DE6-43ED-B039-5519182A2CDE}.Release|x86.Build.0 = Release|Any CPU
		{A42659E7-AE59-4EDC-892E-11E2FAD262A5}.Debug|Any CPU.ActiveCfg = Debug|Any CPU
		{A42659E7-AE59-4EDC-892E-11E2FAD262A5}.Debug|Any CPU.Build.0 = Debug|Any CPU
		{A42659E7-AE59-4EDC-892E-11E2FAD262A5}.Debug|x64.ActiveCfg = Debug|Any CPU
		{A42659E7-AE59-4EDC-892E-11E2FAD262A5}.Debug|x64.Build.0 = Debug|Any CPU
		{A42659E7-AE59-4EDC-892E-11E2FAD262A5}.Debug|x86.ActiveCfg = Debug|Any CPU
		{A42659E7-AE59-4EDC-892E-11E2FAD262A5}.Debug|x86.Build.0 = Debug|Any CPU
		{A42659E7-AE59-4EDC-892E-11E2FAD262A5}.Release|Any CPU.ActiveCfg = Release|Any CPU
		{A42659E7-AE59-4EDC-892E-11E2FAD262A5}.Release|Any CPU.Build.0 = Release|Any CPU
		{A42659E7-AE59-4EDC-892E-11E2FAD262A5}.Release|x64.ActiveCfg = Release|Any CPU
		{A42659E7-AE59-4EDC-892E-11E2FAD262A5}.Release|x64.Build.0 = Release|Any CPU
		{A42659E7-AE59-4EDC-892E-11E2FAD262A5}.Release|x86.ActiveCfg = Release|Any CPU
		{A42659E7-AE59-4EDC-892E-11E2FAD262A5}.Release|x86.Build.0 = Release|Any CPU
		{99F4C63D-8BB2-415E-A0BD-1FAF5B7F0236}.Debug|Any CPU.ActiveCfg = Debug|Any CPU
		{99F4C63D-8BB2-415E-A0BD-1FAF5B7F0236}.Debug|Any CPU.Build.0 = Debug|Any CPU
		{99F4C63D-8BB2-415E-A0BD-1FAF5B7F0236}.Debug|x64.ActiveCfg = Debug|Any CPU
		{99F4C63D-8BB2-415E-A0BD-1FAF5B7F0236}.Debug|x64.Build.0 = Debug|Any CPU
		{99F4C63D-8BB2-415E-A0BD-1FAF5B7F0236}.Debug|x86.ActiveCfg = Debug|Any CPU
		{99F4C63D-8BB2-415E-A0BD-1FAF5B7F0236}.Debug|x86.Build.0 = Debug|Any CPU
		{99F4C63D-8BB2-415E-A0BD-1FAF5B7F0236}.Release|Any CPU.ActiveCfg = Release|Any CPU
		{99F4C63D-8BB2-415E-A0BD-1FAF5B7F0236}.Release|Any CPU.Build.0 = Release|Any CPU
		{99F4C63D-8BB2-415E-A0BD-1FAF5B7F0236}.Release|x64.ActiveCfg = Release|Any CPU
		{99F4C63D-8BB2-415E-A0BD-1FAF5B7F0236}.Release|x64.Build.0 = Release|Any CPU
		{99F4C63D-8BB2-415E-A0BD-1FAF5B7F0236}.Release|x86.ActiveCfg = Release|Any CPU
		{99F4C63D-8BB2-415E-A0BD-1FAF5B7F0236}.Release|x86.Build.0 = Release|Any CPU
		{D33CE7FB-30E0-405D-98AC-941E71B409EC}.Debug|Any CPU.ActiveCfg = Debug|Any CPU
		{D33CE7FB-30E0-405D-98AC-941E71B409EC}.Debug|Any CPU.Build.0 = Debug|Any CPU
		{D33CE7FB-30E0-405D-98AC-941E71B409EC}.Debug|x64.ActiveCfg = Debug|Any CPU
		{D33CE7FB-30E0-405D-98AC-941E71B409EC}.Debug|x64.Build.0 = Debug|Any CPU
		{D33CE7FB-30E0-405D-98AC-941E71B409EC}.Debug|x86.ActiveCfg = Debug|Any CPU
		{D33CE7FB-30E0-405D-98AC-941E71B409EC}.Debug|x86.Build.0 = Debug|Any CPU
		{D33CE7FB-30E0-405D-98AC-941E71B409EC}.Release|Any CPU.ActiveCfg = Release|Any CPU
		{D33CE7FB-30E0-405D-98AC-941E71B409EC}.Release|Any CPU.Build.0 = Release|Any CPU
		{D33CE7FB-30E0-405D-98AC-941E71B409EC}.Release|x64.ActiveCfg = Release|Any CPU
		{D33CE7FB-30E0-405D-98AC-941E71B409EC}.Release|x64.Build.0 = Release|Any CPU
		{D33CE7FB-30E0-405D-98AC-941E71B409EC}.Release|x86.ActiveCfg = Release|Any CPU
		{D33CE7FB-30E0-405D-98AC-941E71B409EC}.Release|x86.Build.0 = Release|Any CPU
		{92B7DC99-A927-4E22-AB55-EB2717268DB7}.Debug|Any CPU.ActiveCfg = Debug|Any CPU
		{92B7DC99-A927-4E22-AB55-EB2717268DB7}.Debug|Any CPU.Build.0 = Debug|Any CPU
		{92B7DC99-A927-4E22-AB55-EB2717268DB7}.Debug|x64.ActiveCfg = Debug|Any CPU
		{92B7DC99-A927-4E22-AB55-EB2717268DB7}.Debug|x64.Build.0 = Debug|Any CPU
		{92B7DC99-A927-4E22-AB55-EB2717268DB7}.Debug|x86.ActiveCfg = Debug|Any CPU
		{92B7DC99-A927-4E22-AB55-EB2717268DB7}.Debug|x86.Build.0 = Debug|Any CPU
		{92B7DC99-A927-4E22-AB55-EB2717268DB7}.Release|Any CPU.ActiveCfg = Release|Any CPU
		{92B7DC99-A927-4E22-AB55-EB2717268DB7}.Release|Any CPU.Build.0 = Release|Any CPU
		{92B7DC99-A927-4E22-AB55-EB2717268DB7}.Release|x64.ActiveCfg = Release|Any CPU
		{92B7DC99-A927-4E22-AB55-EB2717268DB7}.Release|x64.Build.0 = Release|Any CPU
		{92B7DC99-A927-4E22-AB55-EB2717268DB7}.Release|x86.ActiveCfg = Release|Any CPU
		{92B7DC99-A927-4E22-AB55-EB2717268DB7}.Release|x86.Build.0 = Release|Any CPU
		{6AB8B724-A21C-400D-9244-FAE1013F1C94}.Debug|Any CPU.ActiveCfg = Debug|Any CPU
		{6AB8B724-A21C-400D-9244-FAE1013F1C94}.Debug|Any CPU.Build.0 = Debug|Any CPU
		{6AB8B724-A21C-400D-9244-FAE1013F1C94}.Debug|x64.ActiveCfg = Debug|Any CPU
		{6AB8B724-A21C-400D-9244-FAE1013F1C94}.Debug|x64.Build.0 = Debug|Any CPU
		{6AB8B724-A21C-400D-9244-FAE1013F1C94}.Debug|x86.ActiveCfg = Debug|Any CPU
		{6AB8B724-A21C-400D-9244-FAE1013F1C94}.Debug|x86.Build.0 = Debug|Any CPU
		{6AB8B724-A21C-400D-9244-FAE1013F1C94}.Release|Any CPU.ActiveCfg = Release|Any CPU
		{6AB8B724-A21C-400D-9244-FAE1013F1C94}.Release|Any CPU.Build.0 = Release|Any CPU
		{6AB8B724-A21C-400D-9244-FAE1013F1C94}.Release|x64.ActiveCfg = Release|Any CPU
		{6AB8B724-A21C-400D-9244-FAE1013F1C94}.Release|x64.Build.0 = Release|Any CPU
		{6AB8B724-A21C-400D-9244-FAE1013F1C94}.Release|x86.ActiveCfg = Release|Any CPU
		{6AB8B724-A21C-400D-9244-FAE1013F1C94}.Release|x86.Build.0 = Release|Any CPU
		{41726B0A-D34E-4052-9425-C4FFB0613481}.Debug|Any CPU.ActiveCfg = Debug|Any CPU
		{41726B0A-D34E-4052-9425-C4FFB0613481}.Debug|Any CPU.Build.0 = Debug|Any CPU
		{41726B0A-D34E-4052-9425-C4FFB0613481}.Debug|x64.ActiveCfg = Debug|Any CPU
		{41726B0A-D34E-4052-9425-C4FFB0613481}.Debug|x64.Build.0 = Debug|Any CPU
		{41726B0A-D34E-4052-9425-C4FFB0613481}.Debug|x86.ActiveCfg = Debug|Any CPU
		{41726B0A-D34E-4052-9425-C4FFB0613481}.Debug|x86.Build.0 = Debug|Any CPU
		{41726B0A-D34E-4052-9425-C4FFB0613481}.Release|Any CPU.ActiveCfg = Release|Any CPU
		{41726B0A-D34E-4052-9425-C4FFB0613481}.Release|Any CPU.Build.0 = Release|Any CPU
		{41726B0A-D34E-4052-9425-C4FFB0613481}.Release|x64.ActiveCfg = Release|Any CPU
		{41726B0A-D34E-4052-9425-C4FFB0613481}.Release|x64.Build.0 = Release|Any CPU
		{41726B0A-D34E-4052-9425-C4FFB0613481}.Release|x86.ActiveCfg = Release|Any CPU
		{41726B0A-D34E-4052-9425-C4FFB0613481}.Release|x86.Build.0 = Release|Any CPU
		{B70E5C69-B4A9-42CA-B05D-80A0821DB641}.Debug|Any CPU.ActiveCfg = Debug|Any CPU
		{B70E5C69-B4A9-42CA-B05D-80A0821DB641}.Debug|Any CPU.Build.0 = Debug|Any CPU
		{B70E5C69-B4A9-42CA-B05D-80A0821DB641}.Debug|x64.ActiveCfg = Debug|Any CPU
		{B70E5C69-B4A9-42CA-B05D-80A0821DB641}.Debug|x64.Build.0 = Debug|Any CPU
		{B70E5C69-B4A9-42CA-B05D-80A0821DB641}.Debug|x86.ActiveCfg = Debug|Any CPU
		{B70E5C69-B4A9-42CA-B05D-80A0821DB641}.Debug|x86.Build.0 = Debug|Any CPU
		{B70E5C69-B4A9-42CA-B05D-80A0821DB641}.Release|Any CPU.ActiveCfg = Release|Any CPU
		{B70E5C69-B4A9-42CA-B05D-80A0821DB641}.Release|Any CPU.Build.0 = Release|Any CPU
		{B70E5C69-B4A9-42CA-B05D-80A0821DB641}.Release|x64.ActiveCfg = Release|Any CPU
		{B70E5C69-B4A9-42CA-B05D-80A0821DB641}.Release|x64.Build.0 = Release|Any CPU
		{B70E5C69-B4A9-42CA-B05D-80A0821DB641}.Release|x86.ActiveCfg = Release|Any CPU
		{B70E5C69-B4A9-42CA-B05D-80A0821DB641}.Release|x86.Build.0 = Release|Any CPU
		{55C53D4C-FE8E-4CCA-9B8C-771B1C160742}.Debug|Any CPU.ActiveCfg = Debug|Any CPU
		{55C53D4C-FE8E-4CCA-9B8C-771B1C160742}.Debug|Any CPU.Build.0 = Debug|Any CPU
		{55C53D4C-FE8E-4CCA-9B8C-771B1C160742}.Debug|x64.ActiveCfg = Debug|Any CPU
		{55C53D4C-FE8E-4CCA-9B8C-771B1C160742}.Debug|x64.Build.0 = Debug|Any CPU
		{55C53D4C-FE8E-4CCA-9B8C-771B1C160742}.Debug|x86.ActiveCfg = Debug|Any CPU
		{55C53D4C-FE8E-4CCA-9B8C-771B1C160742}.Debug|x86.Build.0 = Debug|Any CPU
		{55C53D4C-FE8E-4CCA-9B8C-771B1C160742}.Release|Any CPU.ActiveCfg = Release|Any CPU
		{55C53D4C-FE8E-4CCA-9B8C-771B1C160742}.Release|Any CPU.Build.0 = Release|Any CPU
		{55C53D4C-FE8E-4CCA-9B8C-771B1C160742}.Release|x64.ActiveCfg = Release|Any CPU
		{55C53D4C-FE8E-4CCA-9B8C-771B1C160742}.Release|x64.Build.0 = Release|Any CPU
		{55C53D4C-FE8E-4CCA-9B8C-771B1C160742}.Release|x86.ActiveCfg = Release|Any CPU
		{55C53D4C-FE8E-4CCA-9B8C-771B1C160742}.Release|x86.Build.0 = Release|Any CPU
		{E164CB06-A940-46C9-9AFA-4227D3E0E96E}.Debug|Any CPU.ActiveCfg = Debug|Any CPU
		{E164CB06-A940-46C9-9AFA-4227D3E0E96E}.Debug|Any CPU.Build.0 = Debug|Any CPU
		{E164CB06-A940-46C9-9AFA-4227D3E0E96E}.Debug|x64.ActiveCfg = Debug|Any CPU
		{E164CB06-A940-46C9-9AFA-4227D3E0E96E}.Debug|x64.Build.0 = Debug|Any CPU
		{E164CB06-A940-46C9-9AFA-4227D3E0E96E}.Debug|x86.ActiveCfg = Debug|Any CPU
		{E164CB06-A940-46C9-9AFA-4227D3E0E96E}.Debug|x86.Build.0 = Debug|Any CPU
		{E164CB06-A940-46C9-9AFA-4227D3E0E96E}.Release|Any CPU.ActiveCfg = Release|Any CPU
		{E164CB06-A940-46C9-9AFA-4227D3E0E96E}.Release|Any CPU.Build.0 = Release|Any CPU
		{E164CB06-A940-46C9-9AFA-4227D3E0E96E}.Release|x64.ActiveCfg = Release|Any CPU
		{E164CB06-A940-46C9-9AFA-4227D3E0E96E}.Release|x64.Build.0 = Release|Any CPU
		{E164CB06-A940-46C9-9AFA-4227D3E0E96E}.Release|x86.ActiveCfg = Release|Any CPU
		{E164CB06-A940-46C9-9AFA-4227D3E0E96E}.Release|x86.Build.0 = Release|Any CPU
		{96F74FD6-FAC9-4F82-9863-CA095DC72BA5}.Debug|Any CPU.ActiveCfg = Debug|Any CPU
		{96F74FD6-FAC9-4F82-9863-CA095DC72BA5}.Debug|Any CPU.Build.0 = Debug|Any CPU
		{96F74FD6-FAC9-4F82-9863-CA095DC72BA5}.Debug|x64.ActiveCfg = Debug|Any CPU
		{96F74FD6-FAC9-4F82-9863-CA095DC72BA5}.Debug|x64.Build.0 = Debug|Any CPU
		{96F74FD6-FAC9-4F82-9863-CA095DC72BA5}.Debug|x86.ActiveCfg = Debug|Any CPU
		{96F74FD6-FAC9-4F82-9863-CA095DC72BA5}.Debug|x86.Build.0 = Debug|Any CPU
		{96F74FD6-FAC9-4F82-9863-CA095DC72BA5}.Release|Any CPU.ActiveCfg = Release|Any CPU
		{96F74FD6-FAC9-4F82-9863-CA095DC72BA5}.Release|Any CPU.Build.0 = Release|Any CPU
		{96F74FD6-FAC9-4F82-9863-CA095DC72BA5}.Release|x64.ActiveCfg = Release|Any CPU
		{96F74FD6-FAC9-4F82-9863-CA095DC72BA5}.Release|x64.Build.0 = Release|Any CPU
		{96F74FD6-FAC9-4F82-9863-CA095DC72BA5}.Release|x86.ActiveCfg = Release|Any CPU
		{96F74FD6-FAC9-4F82-9863-CA095DC72BA5}.Release|x86.Build.0 = Release|Any CPU
		{7863AF21-3862-4AFF-AF63-683C48E6D704}.Debug|Any CPU.ActiveCfg = Debug|Any CPU
		{7863AF21-3862-4AFF-AF63-683C48E6D704}.Debug|Any CPU.Build.0 = Debug|Any CPU
		{7863AF21-3862-4AFF-AF63-683C48E6D704}.Debug|x64.ActiveCfg = Debug|Any CPU
		{7863AF21-3862-4AFF-AF63-683C48E6D704}.Debug|x64.Build.0 = Debug|Any CPU
		{7863AF21-3862-4AFF-AF63-683C48E6D704}.Debug|x86.ActiveCfg = Debug|Any CPU
		{7863AF21-3862-4AFF-AF63-683C48E6D704}.Debug|x86.Build.0 = Debug|Any CPU
		{7863AF21-3862-4AFF-AF63-683C48E6D704}.Release|Any CPU.ActiveCfg = Release|Any CPU
		{7863AF21-3862-4AFF-AF63-683C48E6D704}.Release|Any CPU.Build.0 = Release|Any CPU
		{7863AF21-3862-4AFF-AF63-683C48E6D704}.Release|x64.ActiveCfg = Release|Any CPU
		{7863AF21-3862-4AFF-AF63-683C48E6D704}.Release|x64.Build.0 = Release|Any CPU
		{7863AF21-3862-4AFF-AF63-683C48E6D704}.Release|x86.ActiveCfg = Release|Any CPU
		{7863AF21-3862-4AFF-AF63-683C48E6D704}.Release|x86.Build.0 = Release|Any CPU
		{9926364B-26EB-4385-999C-E22C19F644B5}.Debug|Any CPU.ActiveCfg = Debug|Any CPU
		{9926364B-26EB-4385-999C-E22C19F644B5}.Debug|Any CPU.Build.0 = Debug|Any CPU
		{9926364B-26EB-4385-999C-E22C19F644B5}.Debug|x64.ActiveCfg = Debug|Any CPU
		{9926364B-26EB-4385-999C-E22C19F644B5}.Debug|x64.Build.0 = Debug|Any CPU
		{9926364B-26EB-4385-999C-E22C19F644B5}.Debug|x86.ActiveCfg = Debug|Any CPU
		{9926364B-26EB-4385-999C-E22C19F644B5}.Debug|x86.Build.0 = Debug|Any CPU
		{9926364B-26EB-4385-999C-E22C19F644B5}.Release|Any CPU.ActiveCfg = Release|Any CPU
		{9926364B-26EB-4385-999C-E22C19F644B5}.Release|Any CPU.Build.0 = Release|Any CPU
		{9926364B-26EB-4385-999C-E22C19F644B5}.Release|x64.ActiveCfg = Release|Any CPU
		{9926364B-26EB-4385-999C-E22C19F644B5}.Release|x64.Build.0 = Release|Any CPU
		{9926364B-26EB-4385-999C-E22C19F644B5}.Release|x86.ActiveCfg = Release|Any CPU
		{9926364B-26EB-4385-999C-E22C19F644B5}.Release|x86.Build.0 = Release|Any CPU
		{E4722DBD-1566-446C-88E0-8976D7133294}.Debug|Any CPU.ActiveCfg = Debug|Any CPU
		{E4722DBD-1566-446C-88E0-8976D7133294}.Debug|Any CPU.Build.0 = Debug|Any CPU
		{E4722DBD-1566-446C-88E0-8976D7133294}.Debug|x64.ActiveCfg = Debug|Any CPU
		{E4722DBD-1566-446C-88E0-8976D7133294}.Debug|x64.Build.0 = Debug|Any CPU
		{E4722DBD-1566-446C-88E0-8976D7133294}.Debug|x86.ActiveCfg = Debug|Any CPU
		{E4722DBD-1566-446C-88E0-8976D7133294}.Debug|x86.Build.0 = Debug|Any CPU
		{E4722DBD-1566-446C-88E0-8976D7133294}.Release|Any CPU.ActiveCfg = Release|Any CPU
		{E4722DBD-1566-446C-88E0-8976D7133294}.Release|Any CPU.Build.0 = Release|Any CPU
		{E4722DBD-1566-446C-88E0-8976D7133294}.Release|x64.ActiveCfg = Release|Any CPU
		{E4722DBD-1566-446C-88E0-8976D7133294}.Release|x64.Build.0 = Release|Any CPU
		{E4722DBD-1566-446C-88E0-8976D7133294}.Release|x86.ActiveCfg = Release|Any CPU
		{E4722DBD-1566-446C-88E0-8976D7133294}.Release|x86.Build.0 = Release|Any CPU
		{9F11E4F0-6ABD-4D4C-AA0A-0F3F21565B08}.Debug|Any CPU.ActiveCfg = Debug|Any CPU
		{9F11E4F0-6ABD-4D4C-AA0A-0F3F21565B08}.Debug|Any CPU.Build.0 = Debug|Any CPU
		{9F11E4F0-6ABD-4D4C-AA0A-0F3F21565B08}.Debug|x64.ActiveCfg = Debug|Any CPU
		{9F11E4F0-6ABD-4D4C-AA0A-0F3F21565B08}.Debug|x64.Build.0 = Debug|Any CPU
		{9F11E4F0-6ABD-4D4C-AA0A-0F3F21565B08}.Debug|x86.ActiveCfg = Debug|Any CPU
		{9F11E4F0-6ABD-4D4C-AA0A-0F3F21565B08}.Debug|x86.Build.0 = Debug|Any CPU
		{9F11E4F0-6ABD-4D4C-AA0A-0F3F21565B08}.Release|Any CPU.ActiveCfg = Release|Any CPU
		{9F11E4F0-6ABD-4D4C-AA0A-0F3F21565B08}.Release|Any CPU.Build.0 = Release|Any CPU
		{9F11E4F0-6ABD-4D4C-AA0A-0F3F21565B08}.Release|x64.ActiveCfg = Release|Any CPU
		{9F11E4F0-6ABD-4D4C-AA0A-0F3F21565B08}.Release|x64.Build.0 = Release|Any CPU
		{9F11E4F0-6ABD-4D4C-AA0A-0F3F21565B08}.Release|x86.ActiveCfg = Release|Any CPU
		{9F11E4F0-6ABD-4D4C-AA0A-0F3F21565B08}.Release|x86.Build.0 = Release|Any CPU
		{208C38C7-5B32-4B19-9B96-81C928AB6BE3}.Debug|Any CPU.ActiveCfg = Debug|Any CPU
		{208C38C7-5B32-4B19-9B96-81C928AB6BE3}.Debug|Any CPU.Build.0 = Debug|Any CPU
		{208C38C7-5B32-4B19-9B96-81C928AB6BE3}.Debug|x64.ActiveCfg = Debug|Any CPU
		{208C38C7-5B32-4B19-9B96-81C928AB6BE3}.Debug|x64.Build.0 = Debug|Any CPU
		{208C38C7-5B32-4B19-9B96-81C928AB6BE3}.Debug|x86.ActiveCfg = Debug|Any CPU
		{208C38C7-5B32-4B19-9B96-81C928AB6BE3}.Debug|x86.Build.0 = Debug|Any CPU
		{208C38C7-5B32-4B19-9B96-81C928AB6BE3}.Release|Any CPU.ActiveCfg = Release|Any CPU
		{208C38C7-5B32-4B19-9B96-81C928AB6BE3}.Release|Any CPU.Build.0 = Release|Any CPU
		{208C38C7-5B32-4B19-9B96-81C928AB6BE3}.Release|x64.ActiveCfg = Release|Any CPU
		{208C38C7-5B32-4B19-9B96-81C928AB6BE3}.Release|x64.Build.0 = Release|Any CPU
		{208C38C7-5B32-4B19-9B96-81C928AB6BE3}.Release|x86.ActiveCfg = Release|Any CPU
		{208C38C7-5B32-4B19-9B96-81C928AB6BE3}.Release|x86.Build.0 = Release|Any CPU
	EndGlobalSection
	GlobalSection(SolutionProperties) = preSolution
		HideSolutionNode = FALSE
	EndGlobalSection
	GlobalSection(NestedProjects) = preSolution
		{DF9BEA3E-1ECE-4838-A0E3-080B26900E46} = {897FC188-FB8E-40C9-A9CD-EE5E198188A2}
		{7DDCE823-2DB9-4297-B0E8-B5AC6B5C836E} = {897FC188-FB8E-40C9-A9CD-EE5E198188A2}
		{86F0554F-CC15-47B0-B074-BC864261F458} = {260DBFE6-59C7-45F0-BF01-91FF110E8341}
		{7F924D9A-446D-4802-A63C-6524B7D53EFC} = {260DBFE6-59C7-45F0-BF01-91FF110E8341}
		{8377FDD5-1362-413F-B4DF-14C656C8A970} = {897FC188-FB8E-40C9-A9CD-EE5E198188A2}
		{E9A48433-DBDE-4385-A8F6-02E61019F1B7} = {D981FB0D-3403-4860-AA6D-44190E591224}
		{9BAFBE30-1FF5-4B84-ADD0-5B6A459515C3} = {9F8A6378-9CD8-4736-9A68-BA7539E6DD1D}
		{53729028-C1C8-4C32-9DAE-A5DA5139A340} = {9F8A6378-9CD8-4736-9A68-BA7539E6DD1D}
		{346890A8-8DE6-43ED-B039-5519182A2CDE} = {9F8A6378-9CD8-4736-9A68-BA7539E6DD1D}
		{A42659E7-AE59-4EDC-892E-11E2FAD262A5} = {50413CF2-3AAC-449E-827B-B47B97A6C6E7}
		{99F4C63D-8BB2-415E-A0BD-1FAF5B7F0236} = {50413CF2-3AAC-449E-827B-B47B97A6C6E7}
		{D33CE7FB-30E0-405D-98AC-941E71B409EC} = {50413CF2-3AAC-449E-827B-B47B97A6C6E7}
		{92B7DC99-A927-4E22-AB55-EB2717268DB7} = {E79D8BD7-AC9E-46D5-B830-0ACC90992A80}
		{6AB8B724-A21C-400D-9244-FAE1013F1C94} = {E79D8BD7-AC9E-46D5-B830-0ACC90992A80}
		{41726B0A-D34E-4052-9425-C4FFB0613481} = {E79D8BD7-AC9E-46D5-B830-0ACC90992A80}
		{D981FB0D-3403-4860-AA6D-44190E591224} = {4E340DBC-2DBF-45F3-92B2-CD3EA777EEB4}
		{9F8A6378-9CD8-4736-9A68-BA7539E6DD1D} = {4E340DBC-2DBF-45F3-92B2-CD3EA777EEB4}
		{E79D8BD7-AC9E-46D5-B830-0ACC90992A80} = {4E340DBC-2DBF-45F3-92B2-CD3EA777EEB4}
		{50413CF2-3AAC-449E-827B-B47B97A6C6E7} = {4E340DBC-2DBF-45F3-92B2-CD3EA777EEB4}
		{30EA411F-B220-4387-9143-C091DF0304E5} = {4E340DBC-2DBF-45F3-92B2-CD3EA777EEB4}
		{B70E5C69-B4A9-42CA-B05D-80A0821DB641} = {30EA411F-B220-4387-9143-C091DF0304E5}
		{55C53D4C-FE8E-4CCA-9B8C-771B1C160742} = {30EA411F-B220-4387-9143-C091DF0304E5}
		{E164CB06-A940-46C9-9AFA-4227D3E0E96E} = {30EA411F-B220-4387-9143-C091DF0304E5}
		{96F74FD6-FAC9-4F82-9863-CA095DC72BA5} = {30EA411F-B220-4387-9143-C091DF0304E5}
		{7863AF21-3862-4AFF-AF63-683C48E6D704} = {30EA411F-B220-4387-9143-C091DF0304E5}
		{9926364B-26EB-4385-999C-E22C19F644B5} = {30EA411F-B220-4387-9143-C091DF0304E5}
		{E4722DBD-1566-446C-88E0-8976D7133294} = {031F3B9C-F021-4BE2-AAB2-9CE3D7507F37}
		{9F11E4F0-6ABD-4D4C-AA0A-0F3F21565B08} = {031F3B9C-F021-4BE2-AAB2-9CE3D7507F37}
		{208C38C7-5B32-4B19-9B96-81C928AB6BE3} = {897FC188-FB8E-40C9-A9CD-EE5E198188A2}
	EndGlobalSection
	GlobalSection(ExtensibilityGlobals) = postSolution
		SolutionGuid = {CB7FC89C-A591-4630-9074-F688AE07D78B}
	EndGlobalSection
EndGlobal
